GEM
  remote: https://rubygems.org/
  specs:
    nio4r (2.5.2)
    puma (4.2.1)
      nio4r (~> 2.0)
    rack (2.0.7)
    slim (4.0.1)
      temple (>= 0.7.6, < 0.9)
      tilt (>= 2.0.6, < 2.1)
    temple (0.8.2)
    tilt (2.0.10)

PLATFORMS
  ruby

DEPENDENCIES
  puma
  rack
  slim

BUNDLED WITH
   1.17.2
